// !$*UTF8*$!
{
	archiveVersion = 1;
	classes = {
	};
	objectVersion = 48;
	objects = {

/* Begin PBXBuildFile section */
		6C3E4F3F20134666002CE674 /* AppDelegate.swift in Sources */ = {isa = PBXBuildFile; fileRef = 6C3E4F3E20134666002CE674 /* AppDelegate.swift */; };
		6C3E4F4120134666002CE674 /* ViewController.swift in Sources */ = {isa = PBXBuildFile; fileRef = 6C3E4F4020134666002CE674 /* ViewController.swift */; };
		6C3E4F4420134666002CE674 /* Main.storyboard in Resources */ = {isa = PBXBuildFile; fileRef = 6C3E4F4220134666002CE674 /* Main.storyboard */; };
		6C3E4F4620134667002CE674 /* Assets.xcassets in Resources */ = {isa = PBXBuildFile; fileRef = 6C3E4F4520134667002CE674 /* Assets.xcassets */; };
		6C3E4F4920134667002CE674 /* LaunchScreen.storyboard in Resources */ = {isa = PBXBuildFile; fileRef = 6C3E4F4720134667002CE674 /* LaunchScreen.storyboard */; };
		6C3E4F58201347CD002CE674 /* dash4.png in Resources */ = {isa = PBXBuildFile; fileRef = 6C3E4F50201347CC002CE674 /* dash4.png */; };
		6C3E4F59201347CD002CE674 /* dash5.png in Resources */ = {isa = PBXBuildFile; fileRef = 6C3E4F51201347CC002CE674 /* dash5.png */; };
		6C3E4F5A201347CD002CE674 /* dash0.png in Resources */ = {isa = PBXBuildFile; fileRef = 6C3E4F52201347CD002CE674 /* dash0.png */; };
		6C3E4F5B201347CD002CE674 /* dash3.png in Resources */ = {isa = PBXBuildFile; fileRef = 6C3E4F53201347CD002CE674 /* dash3.png */; };
		6C3E4F5C201347CD002CE674 /* stop.png in Resources */ = {isa = PBXBuildFile; fileRef = 6C3E4F54201347CD002CE674 /* stop.png */; };
		6C3E4F5D201347CD002CE674 /* dash1.png in Resources */ = {isa = PBXBuildFile; fileRef = 6C3E4F55201347CD002CE674 /* dash1.png */; };
		6C3E4F5E201347CD002CE674 /* dash2.png in Resources */ = {isa = PBXBuildFile; fileRef = 6C3E4F56201347CD002CE674 /* dash2.png */; };
		6C3E4F5F201347CD002CE674 /* start.png in Resources */ = {isa = PBXBuildFile; fileRef = 6C3E4F57201347CD002CE674 /* start.png */; };
/* End PBXBuildFile section */

/* Begin PBXFileReference section */
		6C3E4F3B20134666002CE674 /* Swift for Manga.app */ = {isa = PBXFileReference; explicitFileType = wrapper.application; includeInIndex = 0; path = "Swift for Manga.app"; sourceTree = BUILT_PRODUCTS_DIR; };
		6C3E4F3E20134666002CE674 /* AppDelegate.swift */ = {isa = PBXFileReference; lastKnownFileType = sourcecode.swift; path = AppDelegate.swift; sourceTree = "<group>"; };
		6C3E4F4020134666002CE674 /* ViewController.swift */ = {isa = PBXFileReference; lastKnownFileType = sourcecode.swift; path = ViewController.swift; sourceTree = "<group>"; };
		6C3E4F4320134666002CE674 /* Base */ = {isa = PBXFileReference; lastKnownFileType = file.storyboard; name = Base; path = Base.lproj/Main.storyboard; sourceTree = "<group>"; };
		6C3E4F4520134667002CE674 /* Assets.xcassets */ = {isa = PBXFileReference; lastKnownFileType = folder.assetcatalog; path = Assets.xcassets; sourceTree = "<group>"; };
		6C3E4F4820134667002CE674 /* Base */ = {isa = PBXFileReference; lastKnownFileType = file.storyboard; name = Base; path = Base.lproj/LaunchScreen.storyboard; sourceTree = "<group>"; };
		6C3E4F4A20134667002CE674 /* Info.plist */ = {isa = PBXFileReference; lastKnownFileType = text.plist.xml; path = Info.plist; sourceTree = "<group>"; };
		6C3E4F50201347CC002CE674 /* dash4.png */ = {isa = PBXFileReference; lastKnownFileType = image.png; path = dash4.png; sourceTree = "<group>"; };
		6C3E4F51201347CC002CE674 /* dash5.png */ = {isa = PBXFileReference; lastKnownFileType = image.png; path = dash5.png; sourceTree = "<group>"; };
		6C3E4F52201347CD002CE674 /* dash0.png */ = {isa = PBXFileReference; lastKnownFileType = image.png; path = dash0.png; sourceTree = "<group>"; };
		6C3E4F53201347CD002CE674 /* dash3.png */ = {isa = PBXFileReference; lastKnownFileType = image.png; path = dash3.png; sourceTree = "<group>"; };
		6C3E4F54201347CD002CE674 /* stop.png */ = {isa = PBXFileReference; lastKnownFileType = image.png; path = stop.png; sourceTree = "<group>"; };
		6C3E4F55201347CD002CE674 /* dash1.png */ = {isa = PBXFileReference; lastKnownFileType = image.png; path = dash1.png; sourceTree = "<group>"; };
		6C3E4F56201347CD002CE674 /* dash2.png */ = {isa = PBXFileReference; lastKnownFileType = image.png; path = dash2.png; sourceTree = "<group>"; };
		6C3E4F57201347CD002CE674 /* start.png */ = {isa = PBXFileReference; lastKnownFileType = image.png; path = start.png; sourceTree = "<group>"; };
/* End PBXFileReference section */

/* Begin PBXFrameworksBuildPhase section */
		6C3E4F3820134666002CE674 /* Frameworks */ = {
			isa = PBXFrameworksBuildPhase;
			buildActionMask = 2147483647;
			files = (
			);
			runOnlyForDeploymentPostprocessing = 0;
		};
/* End PBXFrameworksBuildPhase section */

/* Begin PBXGroup section */
		6C3E4F3220134666002CE674 = {
			isa = PBXGroup;
			children = (
				6C3E4F3D20134666002CE674 /* Swift for Manga */,
				6C3E4F3C20134666002CE674 /* Products */,
			);
			sourceTree = "<group>";
		};
		6C3E4F3C20134666002CE674 /* Products */ = {
			isa = PBXGroup;
			children = (
				6C3E4F3B20134666002CE674 /* Swift for Manga.app */,
			);
			name = Products;
			sourceTree = "<group>";
		};
		6C3E4F3D20134666002CE674 /* Swift for Manga */ = {
			isa = PBXGroup;
			children = (
				6C3E4F52201347CD002CE674 /* dash0.png */,
				6C3E4F55201347CD002CE674 /* dash1.png */,
				6C3E4F56201347CD002CE674 /* dash2.png */,
				6C3E4F53201347CD002CE674 /* dash3.png */,
				6C3E4F50201347CC002CE674 /* dash4.png */,
				6C3E4F51201347CC002CE674 /* dash5.png */,
				6C3E4F57201347CD002CE674 /* start.png */,
				6C3E4F54201347CD002CE674 /* stop.png */,
				6C3E4F3E20134666002CE674 /* AppDelegate.swift */,
				6C3E4F4020134666002CE674 /* ViewController.swift */,
				6C3E4F4220134666002CE674 /* Main.storyboard */,
				6C3E4F4520134667002CE674 /* Assets.xcassets */,
				6C3E4F4720134667002CE674 /* LaunchScreen.storyboard */,
				6C3E4F4A20134667002CE674 /* Info.plist */,
			);
			path = "Swift for Manga";
			sourceTree = "<group>";
		};
/* End PBXGroup section */

/* Begin PBXNativeTarget section */
		6C3E4F3A20134666002CE674 /* Swift for Manga */ = {
			isa = PBXNativeTarget;
			buildConfigurationList = 6C3E4F4D20134667002CE674 /* Build configuration list for PBXNativeTarget "Swift for Manga" */;
			buildPhases = (
				6C3E4F3720134666002CE674 /* Sources */,
				6C3E4F3820134666002CE674 /* Frameworks */,
				6C3E4F3920134666002CE674 /* Resources */,
			);
			buildRules = (
			);
			dependencies = (
			);
			name = "Swift for Manga";
			productName = "Swift for Manga";
			productReference = 6C3E4F3B20134666002CE674 /* Swift for Manga.app */;
			productType = "com.apple.product-type.application";
		};
/* End PBXNativeTarget section */

/* Begin PBXProject section */
		6C3E4F3320134666002CE674 /* Project object */ = {
			isa = PBXProject;
			attributes = {
				LastSwiftUpdateCheck = 0920;
				LastUpgradeCheck = 0920;
				ORGANIZATIONNAME = "矢部立也";
				TargetAttributes = {
					6C3E4F3A20134666002CE674 = {
						CreatedOnToolsVersion = 9.2;
						ProvisioningStyle = Automatic;
					};
				};
			};
			buildConfigurationList = 6C3E4F3620134666002CE674 /* Build configuration list for PBXProject "Swift for Manga" */;
			compatibilityVersion = "Xcode 8.0";
			developmentRegion = en;
			hasScannedForEncodings = 0;
			knownRegions = (
				en,
				Base,
			);
			mainGroup = 6C3E4F3220134666002CE674;
			productRefGroup = 6C3E4F3C20134666002CE674 /* Products */;
			projectDirPath = "";
			projectRoot = "";
			targets = (
				6C3E4F3A20134666002CE674 /* Swift for Manga */,
			);
		};
/* End PBXProject section */

/* Begin PBXResourcesBuildPhase section */
		6C3E4F3920134666002CE674 /* Resources */ = {
			isa = PBXResourcesBuildPhase;
			buildActionMask = 2147483647;
			files = (
				6C3E4F58201347CD002CE674 /* dash4.png in Resources */,
				6C3E4F5C201347CD002CE674 /* stop.png in Resources */,
				6C3E4F5E201347CD002CE674 /* dash2.png in Resources */,
				6C3E4F5F201347CD002CE674 /* start.png in Resources */,
				6C3E4F59201347CD002CE674 /* dash5.png in Resources */,
				6C3E4F4920134667002CE674 /* LaunchScreen.storyboard in Resources */,
				6C3E4F4620134667002CE674 /* Assets.xcassets in Resources */,
				6C3E4F5B201347CD002CE674 /* dash3.png in Resources */,
				6C3E4F5A201347CD002CE674 /* dash0.png in Resources */,
				6C3E4F5D201347CD002CE674 /* dash1.png in Resources */,
				6C3E4F4420134666002CE674 /* Main.storyboard in Resources */,
			);
			runOnlyForDeploymentPostprocessing = 0;
		};
/* End PBXResourcesBuildPhase section */

/* Begin PBXSourcesBuildPhase section */
		6C3E4F3720134666002CE674 /* Sources */ = {
			isa = PBXSourcesBuildPhase;
			buildActionMask = 2147483647;
			files = (
				6C3E4F4120134666002CE674 /* ViewController.swift in Sources */,
				6C3E4F3F20134666002CE674 /* AppDelegate.swift in Sources */,
			);
			runOnlyForDeploymentPostprocessing = 0;
		};
/* End PBXSourcesBuildPhase section */

/* Begin PBXVariantGroup section */
		6C3E4F4220134666002CE674 /* Main.storyboard */ = {
			isa = PBXVariantGroup;
			children = (
				6C3E4F4320134666002CE674 /* Base */,
			);
			name = Main.storyboard;
			sourceTree = "<group>";
		};
		6C3E4F4720134667002CE674 /* LaunchScreen.storyboard */ = {
			isa = PBXVariantGroup;
			children = (
				6C3E4F4820134667002CE674 /* Base */,
			);
			name = LaunchScreen.storyboard;
			sourceTree = "<group>";
		};
/* End PBXVariantGroup section */

/* Begin XCBuildConfiguration section */
		6C3E4F4B20134667002CE674 /* Debug */ = {
			isa = XCBuildConfiguration;
			buildSettings = {
				ALWAYS_SEARCH_USER_PATHS = NO;
				CLANG_ANALYZER_NONNULL = YES;
				CLANG_ANALYZER_NUMBER_OBJECT_CONVERSION = YES_AGGRESSIVE;
				CLANG_CXX_LANGUAGE_STANDARD = "gnu++14";
				CLANG_CXX_LIBRARY = "libc++";
				CLANG_ENABLE_MODULES = YES;
				CLANG_ENABLE_OBJC_ARC = YES;
				CLANG_WARN_BLOCK_CAPTURE_AUTORELEASING = YES;
				CLANG_WARN_BOOL_CONVERSION = YES;
				CLANG_WARN_COMMA = YES;
				CLANG_WARN_CONSTANT_CONVERSION = YES;
				CLANG_WARN_DIRECT_OBJC_ISA_USAGE = YES_ERROR;
				CLANG_WARN_DOCUMENTATION_COMMENTS = YES;
				CLANG_WARN_EMPTY_BODY = YES;
				CLANG_WARN_ENUM_CONVERSION = YES;
				CLANG_WARN_INFINITE_RECURSION = YES;
				CLANG_WARN_INT_CONVERSION = YES;
				CLANG_WARN_NON_LITERAL_NULL_CONVERSION = YES;
				CLANG_WARN_OBJC_LITERAL_CONVERSION = YES;
				CLANG_WARN_OBJC_ROOT_CLASS = YES_ERROR;
				CLANG_WARN_RANGE_LOOP_ANALYSIS = YES;
				CLANG_WARN_STRICT_PROTOTYPES = YES;
				CLANG_WARN_SUSPICIOUS_MOVE = YES;
				CLANG_WARN_UNGUARDED_AVAILABILITY = YES_AGGRESSIVE;
				CLANG_WARN_UNREACHABLE_CODE = YES;
				CLANG_WARN__DUPLICATE_METHOD_MATCH = YES;
				CODE_SIGN_IDENTITY = "iPhone Developer";
				COPY_PHASE_STRIP = NO;
				DEBUG_INFORMATION_FORMAT = dwarf;
				ENABLE_STRICT_OBJC_MSGSEND = YES;
				ENABLE_TESTABILITY = YES;
				GCC_C_LANGUAGE_STANDARD = gnu11;
				GCC_DYNAMIC_NO_PIC = NO;
				GCC_NO_COMMON_BLOCKS = YES;
				GCC_OPTIMIZATION_LEVEL = 0;
				GCC_PREPROCESSOR_DEFINITIONS = (
					"DEBUG=1",
					"$(inherited)",
				);
				GCC_WARN_64_TO_32_BIT_CONVERSION = YES;
				GCC_WARN_ABOUT_RETURN_TYPE = YES_ERROR;
				GCC_WARN_UNDECLARED_SELECTOR = YES;
				GCC_WARN_UNINITIALIZED_AUTOS = YES_AGGRESSIVE;
				GCC_WARN_UNUSED_FUNCTION = YES;
				GCC_WARN_UNUSED_VARIABLE = YES;
				IPHONEOS_DEPLOYMENT_TARGET = 11.2;
				MTL_ENABLE_DEBUG_INFO = YES;
				ONLY_ACTIVE_ARCH = YES;
				SDKROOT = iphoneos;
				SWIFT_ACTIVE_COMPILATION_CONDITIONS = DEBUG;
				SWIFT_OPTIMIZATION_LEVEL = "-Onone";
			};
			name = Debug;
		};
		6C3E4F4C20134667002CE674 /* Release */ = {
			isa = XCBuildConfiguration;
			buildSettings = {
				ALWAYS_SEARCH_USER_PATHS = NO;
				CLANG_ANALYZER_NONNULL = YES;
				CLANG_ANALYZER_NUMBER_OBJECT_CONVERSION = YES_AGGRESSIVE;
				CLANG_CXX_LANGUAGE_STANDARD = "gnu++14";
				CLANG_CXX_LIBRARY = "libc++";
				CLANG_ENABLE_MODULES = YES;
				CLANG_ENABLE_OBJC_ARC = YES;
				CLANG_WARN_BLOCK_CAPTURE_AUTORELEASING = YES;
				CLANG_WARN_BOOL_CONVERSION = YES;
				CLANG_WARN_COMMA = YES;
				CLANG_WARN_CONSTANT_CONVERSION = YES;
				CLANG_WARN_DIRECT_OBJC_ISA_USAGE = YES_ERROR;
				CLANG_WARN_DOCUMENTATION_COMMENTS = YES;
				CLANG_WARN_EMPTY_BODY = YES;
				CLANG_WARN_ENUM_CONVERSION = YES;
				CLANG_WARN_INFINITE_RECURSION = YES;
				CLANG_WARN_INT_CONVERSION = YES;
				CLANG_WARN_NON_LITERAL_NULL_CONVERSION = YES;
				CLANG_WARN_OBJC_LITERAL_CONVERSION = YES;
				CLANG_WARN_OBJC_ROOT_CLASS = YES_ERROR;
				CLANG_WARN_RANGE_LOOP_ANALYSIS = YES;
				CLANG_WARN_STRICT_PROTOTYPES = YES;
				CLANG_WARN_SUSPICIOUS_MOVE = YES;
				CLANG_WARN_UNGUARDED_AVAILABILITY = YES_AGGRESSIVE;
				CLANG_WARN_UNREACHABLE_CODE = YES;
				CLANG_WARN__DUPLICATE_METHOD_MATCH = YES;
				CODE_SIGN_IDENTITY = "iPhone Developer";
				COPY_PHASE_STRIP = NO;
				DEBUG_INFORMATION_FORMAT = "dwarf-with-dsym";
				ENABLE_NS_ASSERTIONS = NO;
				ENABLE_STRICT_OBJC_MSGSEND = YES;
				GCC_C_LANGUAGE_STANDARD = gnu11;
				GCC_NO_COMMON_BLOCKS = YES;
				GCC_WARN_64_TO_32_BIT_CONVERSION = YES;
				GCC_WARN_ABOUT_RETURN_TYPE = YES_ERROR;
				GCC_WARN_UNDECLARED_SELECTOR = YES;
				GCC_WARN_UNINITIALIZED_AUTOS = YES_AGGRESSIVE;
				GCC_WARN_UNUSED_FUNCTION = YES;
				GCC_WARN_UNUSED_VARIABLE = YES;
				IPHONEOS_DEPLOYMENT_TARGET = 11.2;
				MTL_ENABLE_DEBUG_INFO = NO;
				SDKROOT = iphoneos;
				SWIFT_OPTIMIZATION_LEVEL = "-Owholemodule";
				VALIDATE_PRODUCT = YES;
			};
			name = Release;
		};
		6C3E4F4E20134667002CE674 /* Debug */ = {
			isa = XCBuildConfiguration;
			buildSettings = {
				ASSETCATALOG_COMPILER_APPICON_NAME = AppIcon;
				CODE_SIGN_STYLE = Automatic;
				INFOPLIST_FILE = "Swift for Manga/Info.plist";
				LD_RUNPATH_SEARCH_PATHS = "$(inherited) @executable_path/Frameworks";
				PRODUCT_BUNDLE_IDENTIFIER = "com.yabe.Swift-for-Manga";
				PRODUCT_NAME = "$(TARGET_NAME)";
				SWIFT_VERSION = 4.0;
				TARGETED_DEVICE_FAMILY = "1,2";
			};
			name = Debug;
		};
		6C3E4F4F20134667002CE674 /* Release */ = {
			isa = XCBuildConfiguration;
			buildSettings = {
				ASSETCATALOG_COMPILER_APPICON_NAME = AppIcon;
				CODE_SIGN_STYLE = Automatic;
				INFOPLIST_FILE = "Swift for Manga/Info.plist";
				LD_RUNPATH_SEARCH_PATHS = "$(inherited) @executable_path/Frameworks";
				PRODUCT_BUNDLE_IDENTIFIER = "com.yabe.Swift-for-Manga";
				PRODUCT_NAME = "$(TARGET_NAME)";
				SWIFT_VERSION = 4.0;
				TARGETED_DEVICE_FAMILY = "1,2";
			};
			name = Release;
		};
/* End XCBuildConfiguration section */

/* Begin XCConfigurationList section */
		6C3E4F3620134666002CE674 /* Build configuration list for PBXProject "Swift for Manga" */ = {
			isa = XCConfigurationList;
			buildConfigurations = (
				6C3E4F4B20134667002CE674 /* Debug */,
				6C3E4F4C20134667002CE674 /* Release */,
			);
			defaultConfigurationIsVisible = 0;
			defaultConfigurationName = Release;
		};
		6C3E4F4D20134667002CE674 /* Build configuration list for PBXNativeTarget "Swift for Manga" */ = {
			isa = XCConfigurationList;
			buildConfigurations = (
				6C3E4F4E20134667002CE674 /* Debug */,
				6C3E4F4F20134667002CE674 /* Release */,
			);
			defaultConfigurationIsVisible = 0;
			defaultConfigurationName = Release;
		};
/* End XCConfigurationList section */
	};
	rootObject = 6C3E4F3320134666002CE674 /* Project object */;
}
